
Microsoft Visual Studio Solution File, Format Version 12.00
# Visual Studio Version 17
VisualStudioVersion = 17.8.34408.163
MinimumVisualStudioVersion = 10.0.40219.1
Project("{9A19103F-16F7-4668-BE54-9A1E7A4F7556}") = "WinglyShop.API", "WinglyShop.API\WinglyShop.API.csproj", "{14E3042B-95A2-49EC-8CAE-DDCA0E04FC6B}"
EndProject
Project("{2150E333-8FDC-42A3-9474-1A3956D46DE8}") = "src", "src", "{4D54D762-7295-498F-B1D8-BB802F1EA270}"
EndProject
Project("{2150E333-8FDC-42A3-9474-1A3956D46DE8}") = "API", "API", "{C1ED285D-1249-46B7-AC1E-5842958FE006}"
EndProject
Project("{2150E333-8FDC-42A3-9474-1A3956D46DE8}") = "Core", "Core", "{EE534D11-26A9-49AB-BBCC-5E163605D308}"
EndProject
Project("{2150E333-8FDC-42A3-9474-1A3956D46DE8}") = "Infrastructure", "Infrastructure", "{18E29EDD-A4C2-48CD-AA7E-6ADA7858C061}"
EndProject
Project("{2150E333-8FDC-42A3-9474-1A3956D46DE8}") = "Shared", "Shared", "{5957DE73-EC18-433B-88A2-CAF3300D8D6C}"
EndProject
Project("{9A19103F-16F7-4668-BE54-9A1E7A4F7556}") = "WinglyShop.Domain", "WinglyShop.Domain\WinglyShop.Domain.csproj", "{DF8DC083-292D-44FD-8F4B-C18E47737F73}"
EndProject
Project("{9A19103F-16F7-4668-BE54-9A1E7A4F7556}") = "WinglyShop.Application", "WinglyShop.Application\WinglyShop.Application.csproj", "{E9E2F914-0013-4841-9CBE-F4EA5F253B79}"
EndProject
Project("{9A19103F-16F7-4668-BE54-9A1E7A4F7556}") = "WinglyShop.Infrastructure", "WinglyShop.Infrastructure\WinglyShop.Infrastructure.csproj", "{0CDD2BFF-421D-4FC0-B940-2881D9216161}"
EndProject
Project("{9A19103F-16F7-4668-BE54-9A1E7A4F7556}") = "WinglyShop.Shared", "WinglyShop.Shared\WinglyShop.Shared.csproj", "{E61E54E0-BA9B-416B-B6E9-DD0BA360A7D2}"
EndProject
Project("{9A19103F-16F7-4668-BE54-9A1E7A4F7556}") = "WinglyShop.Carts.Domain", "Modules\Carts\WinglyShop.Carts.Domain\WinglyShop.Carts.Domain.csproj", "{AB15F5EB-A97E-4752-9C15-39E250E99C86}"
EndProject
Project("{9A19103F-16F7-4668-BE54-9A1E7A4F7556}") = "WinglyShop.Categories.Domain", "Modules\Categories\WinglyShop.Categories.Domain\WinglyShop.Categories.Domain.csproj", "{42A000A4-071F-421D-8509-FE6FADE4165C}"
EndProject
Project("{2150E333-8FDC-42A3-9474-1A3956D46DE8}") = "Modules", "Modules", "{02398FEE-A6B2-4083-AF4C-7EC877BBA12B}"
EndProject
Project("{9A19103F-16F7-4668-BE54-9A1E7A4F7556}") = "WinglyShop.Orders.Domain", "Modules\Orders\WinglyShop.Orders.Domain\WinglyShop.Orders.Domain.csproj", "{BFEC1327-7A4A-443B-A162-99EAC85137F4}"
EndProject
Project("{9A19103F-16F7-4668-BE54-9A1E7A4F7556}") = "WinglyShop.Products.Domain", "Modules\Products\WinglyShop.Products.Domain\WinglyShop.Products.Domain.csproj", "{39200098-0B92-490B-B3FC-445301253464}"
EndProject
Project("{9A19103F-16F7-4668-BE54-9A1E7A4F7556}") = "WinglyShop.Users.Domain", "Modules\Users\WinglyShop.Users.Domain\WinglyShop.Users.Domain.csproj", "{0FC59A04-BA9B-47D0-BC87-B9CE0055B95C}"
EndProject
Project("{9A19103F-16F7-4668-BE54-9A1E7A4F7556}") = "WinglyShop.Carts.Application", "Modules\Carts\WinglyShop.Carts.Application\WinglyShop.Carts.Application.csproj", "{01517218-3B41-42BE-B9A0-9294AD7C1D36}"
EndProject
Project("{9A19103F-16F7-4668-BE54-9A1E7A4F7556}") = "WinglyShop.Carts.Infrastructure", "Modules\Carts\WinglyShop.Carts.Infrastructure\WinglyShop.Carts.Infrastructure.csproj", "{C35E5658-2AA3-48DE-8EB9-05C8D13BB012}"
EndProject
Project("{9A19103F-16F7-4668-BE54-9A1E7A4F7556}") = "WinglyShop.Categories.Application", "Modules\Categories\WinglyShop.Categories.Application\WinglyShop.Categories.Application.csproj", "{00219CBD-F509-4FA1-ABE8-8F8BE1918FC9}"
EndProject
Project("{9A19103F-16F7-4668-BE54-9A1E7A4F7556}") = "WinglyShop.Categories.Infrastructure", "Modules\Categories\WinglyShop.Categories.Infrastructure\WinglyShop.Categories.Infrastructure.csproj", "{8348F729-A565-4AF0-95A6-16880157C85D}"
EndProject
Project("{9A19103F-16F7-4668-BE54-9A1E7A4F7556}") = "WinglyShop.Orders.Application", "Modules\Orders\WinglyShop.Orders.Application\WinglyShop.Orders.Application.csproj", "{C9AA3F11-8DAB-4F37-A33A-760490B11A18}"
EndProject
Project("{9A19103F-16F7-4668-BE54-9A1E7A4F7556}") = "WinglyShop.Orders.Infrastructure", "Modules\Orders\WinglyShop.Orders.Infrastructure\WinglyShop.Orders.Infrastructure.csproj", "{81058669-112C-4000-9909-531816812DF2}"
EndProject
Project("{9A19103F-16F7-4668-BE54-9A1E7A4F7556}") = "WinglyShop.Products.Application", "Modules\Products\WinglyShop.Products.Application\WinglyShop.Products.Application.csproj", "{34DEC79A-77B2-4747-A0E4-AA9772514DC0}"
EndProject
Project("{9A19103F-16F7-4668-BE54-9A1E7A4F7556}") = "WinglyShop.Products.Infrastructure", "Modules\Products\WinglyShop.Products.Infrastructure\WinglyShop.Products.Infrastructure.csproj", "{737DBE59-A197-4867-A834-6098CF664B09}"
EndProject
Project("{9A19103F-16F7-4668-BE54-9A1E7A4F7556}") = "WinglyShop.Users.Application", "Modules\Users\WinglyShop.Users.Application\WinglyShop.Users.Application.csproj", "{155D2028-A567-41F3-AA3B-12E9E93B4F45}"
EndProject
Project("{9A19103F-16F7-4668-BE54-9A1E7A4F7556}") = "WinglyShop.Users.Infrastructure", "Modules\Users\WinglyShop.Users.Infrastructure\WinglyShop.Users.Infrastructure.csproj", "{C7428F19-8FDD-4675-A840-924BDFD38608}"
EndProject
Project("{2150E333-8FDC-42A3-9474-1A3956D46DE8}") = "Carts", "Carts", "{55FA4AA4-B47C-4CCB-BCF0-B5AEAFF6B46C}"
EndProject
Project("{2150E333-8FDC-42A3-9474-1A3956D46DE8}") = "Categories", "Categories", "{BE29FFC1-569B-4660-B813-365E3765D07D}"
EndProject
Project("{2150E333-8FDC-42A3-9474-1A3956D46DE8}") = "Orders", "Orders", "{6ACF3F7F-22C9-4E84-8828-55B661746C00}"
EndProject
Project("{2150E333-8FDC-42A3-9474-1A3956D46DE8}") = "Products", "Products", "{F24FB919-725F-48EC-897F-4E21916B9E90}"
EndProject
Project("{2150E333-8FDC-42A3-9474-1A3956D46DE8}") = "Users", "Users", "{DDFA73D9-2D25-47E6-BD45-3AB5209E76D8}"
EndProject
Project("{FAE04EC0-301F-11D3-BF4B-00C04F79EFBC}") = "WinglyShop.Users.Contracts", "Modules\Users\WinglyShop.Users.Contracts\WinglyShop.Users.Contracts.csproj", "{8B5242BD-D128-4ECC-B62B-C9B7AC406888}"
EndProject
Global
	GlobalSection(SolutionConfigurationPlatforms) = preSolution
		Debug|Any CPU = Debug|Any CPU
		Release|Any CPU = Release|Any CPU
	EndGlobalSection
	GlobalSection(ProjectConfigurationPlatforms) = postSolution
		{14E3042B-95A2-49EC-8CAE-DDCA0E04FC6B}.Debug|Any CPU.ActiveCfg = Debug|Any CPU
		{14E3042B-95A2-49EC-8CAE-DDCA0E04FC6B}.Debug|Any CPU.Build.0 = Debug|Any CPU
		{14E3042B-95A2-49EC-8CAE-DDCA0E04FC6B}.Release|Any CPU.ActiveCfg = Release|Any CPU
		{14E3042B-95A2-49EC-8CAE-DDCA0E04FC6B}.Release|Any CPU.Build.0 = Release|Any CPU
		{DF8DC083-292D-44FD-8F4B-C18E47737F73}.Debug|Any CPU.ActiveCfg = Debug|Any CPU
		{DF8DC083-292D-44FD-8F4B-C18E47737F73}.Debug|Any CPU.Build.0 = Debug|Any CPU
		{DF8DC083-292D-44FD-8F4B-C18E47737F73}.Release|Any CPU.ActiveCfg = Release|Any CPU
		{DF8DC083-292D-44FD-8F4B-C18E47737F73}.Release|Any CPU.Build.0 = Release|Any CPU
		{E9E2F914-0013-4841-9CBE-F4EA5F253B79}.Debug|Any CPU.ActiveCfg = Debug|Any CPU
		{E9E2F914-0013-4841-9CBE-F4EA5F253B79}.Debug|Any CPU.Build.0 = Debug|Any CPU
		{E9E2F914-0013-4841-9CBE-F4EA5F253B79}.Release|Any CPU.ActiveCfg = Release|Any CPU
		{E9E2F914-0013-4841-9CBE-F4EA5F253B79}.Release|Any CPU.Build.0 = Release|Any CPU
		{0CDD2BFF-421D-4FC0-B940-2881D9216161}.Debug|Any CPU.ActiveCfg = Debug|Any CPU
		{0CDD2BFF-421D-4FC0-B940-2881D9216161}.Debug|Any CPU.Build.0 = Debug|Any CPU
		{0CDD2BFF-421D-4FC0-B940-2881D9216161}.Release|Any CPU.ActiveCfg = Release|Any CPU
		{0CDD2BFF-421D-4FC0-B940-2881D9216161}.Release|Any CPU.Build.0 = Release|Any CPU
		{E61E54E0-BA9B-416B-B6E9-DD0BA360A7D2}.Debug|Any CPU.ActiveCfg = Debug|Any CPU
		{E61E54E0-BA9B-416B-B6E9-DD0BA360A7D2}.Debug|Any CPU.Build.0 = Debug|Any CPU
		{E61E54E0-BA9B-416B-B6E9-DD0BA360A7D2}.Release|Any CPU.ActiveCfg = Release|Any CPU
		{E61E54E0-BA9B-416B-B6E9-DD0BA360A7D2}.Release|Any CPU.Build.0 = Release|Any CPU
		{AB15F5EB-A97E-4752-9C15-39E250E99C86}.Debug|Any CPU.ActiveCfg = Debug|Any CPU
		{AB15F5EB-A97E-4752-9C15-39E250E99C86}.Debug|Any CPU.Build.0 = Debug|Any CPU
		{AB15F5EB-A97E-4752-9C15-39E250E99C86}.Release|Any CPU.ActiveCfg = Release|Any CPU
		{AB15F5EB-A97E-4752-9C15-39E250E99C86}.Release|Any CPU.Build.0 = Release|Any CPU
		{42A000A4-071F-421D-8509-FE6FADE4165C}.Debug|Any CPU.ActiveCfg = Debug|Any CPU
		{42A000A4-071F-421D-8509-FE6FADE4165C}.Debug|Any CPU.Build.0 = Debug|Any CPU
		{42A000A4-071F-421D-8509-FE6FADE4165C}.Release|Any CPU.ActiveCfg = Release|Any CPU
		{42A000A4-071F-421D-8509-FE6FADE4165C}.Release|Any CPU.Build.0 = Release|Any CPU
		{BFEC1327-7A4A-443B-A162-99EAC85137F4}.Debug|Any CPU.ActiveCfg = Debug|Any CPU
		{BFEC1327-7A4A-443B-A162-99EAC85137F4}.Debug|Any CPU.Build.0 = Debug|Any CPU
		{BFEC1327-7A4A-443B-A162-99EAC85137F4}.Release|Any CPU.ActiveCfg = Release|Any CPU
		{BFEC1327-7A4A-443B-A162-99EAC85137F4}.Release|Any CPU.Build.0 = Release|Any CPU
		{39200098-0B92-490B-B3FC-445301253464}.Debug|Any CPU.ActiveCfg = Debug|Any CPU
		{39200098-0B92-490B-B3FC-445301253464}.Debug|Any CPU.Build.0 = Debug|Any CPU
		{39200098-0B92-490B-B3FC-445301253464}.Release|Any CPU.ActiveCfg = Release|Any CPU
		{39200098-0B92-490B-B3FC-445301253464}.Release|Any CPU.Build.0 = Release|Any CPU
		{0FC59A04-BA9B-47D0-BC87-B9CE0055B95C}.Debug|Any CPU.ActiveCfg = Debug|Any CPU
		{0FC59A04-BA9B-47D0-BC87-B9CE0055B95C}.Debug|Any CPU.Build.0 = Debug|Any CPU
		{0FC59A04-BA9B-47D0-BC87-B9CE0055B95C}.Release|Any CPU.ActiveCfg = Release|Any CPU
		{0FC59A04-BA9B-47D0-BC87-B9CE0055B95C}.Release|Any CPU.Build.0 = Release|Any CPU
		{01517218-3B41-42BE-B9A0-9294AD7C1D36}.Debug|Any CPU.ActiveCfg = Debug|Any CPU
		{01517218-3B41-42BE-B9A0-9294AD7C1D36}.Debug|Any CPU.Build.0 = Debug|Any CPU
		{01517218-3B41-42BE-B9A0-9294AD7C1D36}.Release|Any CPU.ActiveCfg = Release|Any CPU
		{01517218-3B41-42BE-B9A0-9294AD7C1D36}.Release|Any CPU.Build.0 = Release|Any CPU
		{C35E5658-2AA3-48DE-8EB9-05C8D13BB012}.Debug|Any CPU.ActiveCfg = Debug|Any CPU
		{C35E5658-2AA3-48DE-8EB9-05C8D13BB012}.Debug|Any CPU.Build.0 = Debug|Any CPU
		{C35E5658-2AA3-48DE-8EB9-05C8D13BB012}.Release|Any CPU.ActiveCfg = Release|Any CPU
		{C35E5658-2AA3-48DE-8EB9-05C8D13BB012}.Release|Any CPU.Build.0 = Release|Any CPU
		{00219CBD-F509-4FA1-ABE8-8F8BE1918FC9}.Debug|Any CPU.ActiveCfg = Debug|Any CPU
		{00219CBD-F509-4FA1-ABE8-8F8BE1918FC9}.Debug|Any CPU.Build.0 = Debug|Any CPU
		{00219CBD-F509-4FA1-ABE8-8F8BE1918FC9}.Release|Any CPU.ActiveCfg = Release|Any CPU
		{00219CBD-F509-4FA1-ABE8-8F8BE1918FC9}.Release|Any CPU.Build.0 = Release|Any CPU
		{8348F729-A565-4AF0-95A6-16880157C85D}.Debug|Any CPU.ActiveCfg = Debug|Any CPU
		{8348F729-A565-4AF0-95A6-16880157C85D}.Debug|Any CPU.Build.0 = Debug|Any CPU
		{8348F729-A565-4AF0-95A6-16880157C85D}.Release|Any CPU.ActiveCfg = Release|Any CPU
		{8348F729-A565-4AF0-95A6-16880157C85D}.Release|Any CPU.Build.0 = Release|Any CPU
		{C9AA3F11-8DAB-4F37-A33A-760490B11A18}.Debug|Any CPU.ActiveCfg = Debug|Any CPU
		{C9AA3F11-8DAB-4F37-A33A-760490B11A18}.Debug|Any CPU.Build.0 = Debug|Any CPU
		{C9AA3F11-8DAB-4F37-A33A-760490B11A18}.Release|Any CPU.ActiveCfg = Release|Any CPU
		{C9AA3F11-8DAB-4F37-A33A-760490B11A18}.Release|Any CPU.Build.0 = Release|Any CPU
		{81058669-112C-4000-9909-531816812DF2}.Debug|Any CPU.ActiveCfg = Debug|Any CPU
		{81058669-112C-4000-9909-531816812DF2}.Debug|Any CPU.Build.0 = Debug|Any CPU
		{81058669-112C-4000-9909-531816812DF2}.Release|Any CPU.ActiveCfg = Release|Any CPU
		{81058669-112C-4000-9909-531816812DF2}.Release|Any CPU.Build.0 = Release|Any CPU
		{34DEC79A-77B2-4747-A0E4-AA9772514DC0}.Debug|Any CPU.ActiveCfg = Debug|Any CPU
		{34DEC79A-77B2-4747-A0E4-AA9772514DC0}.Debug|Any CPU.Build.0 = Debug|Any CPU
		{34DEC79A-77B2-4747-A0E4-AA9772514DC0}.Release|Any CPU.ActiveCfg = Release|Any CPU
		{34DEC79A-77B2-4747-A0E4-AA9772514DC0}.Release|Any CPU.Build.0 = Release|Any CPU
		{737DBE59-A197-4867-A834-6098CF664B09}.Debug|Any CPU.ActiveCfg = Debug|Any CPU
		{737DBE59-A197-4867-A834-6098CF664B09}.Debug|Any CPU.Build.0 = Debug|Any CPU
		{737DBE59-A197-4867-A834-6098CF664B09}.Release|Any CPU.ActiveCfg = Release|Any CPU
		{737DBE59-A197-4867-A834-6098CF664B09}.Release|Any CPU.Build.0 = Release|Any CPU
		{155D2028-A567-41F3-AA3B-12E9E93B4F45}.Debug|Any CPU.ActiveCfg = Debug|Any CPU
		{155D2028-A567-41F3-AA3B-12E9E93B4F45}.Debug|Any CPU.Build.0 = Debug|Any CPU
		{155D2028-A567-41F3-AA3B-12E9E93B4F45}.Release|Any CPU.ActiveCfg = Release|Any CPU
		{155D2028-A567-41F3-AA3B-12E9E93B4F45}.Release|Any CPU.Build.0 = Release|Any CPU
		{C7428F19-8FDD-4675-A840-924BDFD38608}.Debug|Any CPU.ActiveCfg = Debug|Any CPU
		{C7428F19-8FDD-4675-A840-924BDFD38608}.Debug|Any CPU.Build.0 = Debug|Any CPU
		{C7428F19-8FDD-4675-A840-924BDFD38608}.Release|Any CPU.ActiveCfg = Release|Any CPU
		{C7428F19-8FDD-4675-A840-924BDFD38608}.Release|Any CPU.Build.0 = Release|Any CPU
		{8B5242BD-D128-4ECC-B62B-C9B7AC406888}.Debug|Any CPU.ActiveCfg = Debug|Any CPU
		{8B5242BD-D128-4ECC-B62B-C9B7AC406888}.Debug|Any CPU.Build.0 = Debug|Any CPU
		{8B5242BD-D128-4ECC-B62B-C9B7AC406888}.Release|Any CPU.ActiveCfg = Release|Any CPU
		{8B5242BD-D128-4ECC-B62B-C9B7AC406888}.Release|Any CPU.Build.0 = Release|Any CPU
	EndGlobalSection
	GlobalSection(SolutionProperties) = preSolution
		HideSolutionNode = FALSE
	EndGlobalSection
	GlobalSection(NestedProjects) = preSolution
		{14E3042B-95A2-49EC-8CAE-DDCA0E04FC6B} = {C1ED285D-1249-46B7-AC1E-5842958FE006}
		{C1ED285D-1249-46B7-AC1E-5842958FE006} = {4D54D762-7295-498F-B1D8-BB802F1EA270}
		{EE534D11-26A9-49AB-BBCC-5E163605D308} = {4D54D762-7295-498F-B1D8-BB802F1EA270}
		{18E29EDD-A4C2-48CD-AA7E-6ADA7858C061} = {4D54D762-7295-498F-B1D8-BB802F1EA270}
		{5957DE73-EC18-433B-88A2-CAF3300D8D6C} = {4D54D762-7295-498F-B1D8-BB802F1EA270}
		{DF8DC083-292D-44FD-8F4B-C18E47737F73} = {EE534D11-26A9-49AB-BBCC-5E163605D308}
		{E9E2F914-0013-4841-9CBE-F4EA5F253B79} = {EE534D11-26A9-49AB-BBCC-5E163605D308}
		{0CDD2BFF-421D-4FC0-B940-2881D9216161} = {18E29EDD-A4C2-48CD-AA7E-6ADA7858C061}
		{E61E54E0-BA9B-416B-B6E9-DD0BA360A7D2} = {5957DE73-EC18-433B-88A2-CAF3300D8D6C}
		{AB15F5EB-A97E-4752-9C15-39E250E99C86} = {55FA4AA4-B47C-4CCB-BCF0-B5AEAFF6B46C}
		{42A000A4-071F-421D-8509-FE6FADE4165C} = {BE29FFC1-569B-4660-B813-365E3765D07D}
		{02398FEE-A6B2-4083-AF4C-7EC877BBA12B} = {4D54D762-7295-498F-B1D8-BB802F1EA270}
		{BFEC1327-7A4A-443B-A162-99EAC85137F4} = {6ACF3F7F-22C9-4E84-8828-55B661746C00}
		{39200098-0B92-490B-B3FC-445301253464} = {F24FB919-725F-48EC-897F-4E21916B9E90}
		{0FC59A04-BA9B-47D0-BC87-B9CE0055B95C} = {DDFA73D9-2D25-47E6-BD45-3AB5209E76D8}
		{01517218-3B41-42BE-B9A0-9294AD7C1D36} = {55FA4AA4-B47C-4CCB-BCF0-B5AEAFF6B46C}
		{C35E5658-2AA3-48DE-8EB9-05C8D13BB012} = {55FA4AA4-B47C-4CCB-BCF0-B5AEAFF6B46C}
		{00219CBD-F509-4FA1-ABE8-8F8BE1918FC9} = {BE29FFC1-569B-4660-B813-365E3765D07D}
		{8348F729-A565-4AF0-95A6-16880157C85D} = {BE29FFC1-569B-4660-B813-365E3765D07D}
		{C9AA3F11-8DAB-4F37-A33A-760490B11A18} = {6ACF3F7F-22C9-4E84-8828-55B661746C00}
		{81058669-112C-4000-9909-531816812DF2} = {6ACF3F7F-22C9-4E84-8828-55B661746C00}
		{34DEC79A-77B2-4747-A0E4-AA9772514DC0} = {F24FB919-725F-48EC-897F-4E21916B9E90}
		{737DBE59-A197-4867-A834-6098CF664B09} = {F24FB919-725F-48EC-897F-4E21916B9E90}
		{155D2028-A567-41F3-AA3B-12E9E93B4F45} = {DDFA73D9-2D25-47E6-BD45-3AB5209E76D8}
		{C7428F19-8FDD-4675-A840-924BDFD38608} = {DDFA73D9-2D25-47E6-BD45-3AB5209E76D8}
		{55FA4AA4-B47C-4CCB-BCF0-B5AEAFF6B46C} = {02398FEE-A6B2-4083-AF4C-7EC877BBA12B}
		{BE29FFC1-569B-4660-B813-365E3765D07D} = {02398FEE-A6B2-4083-AF4C-7EC877BBA12B}
		{6ACF3F7F-22C9-4E84-8828-55B661746C00} = {02398FEE-A6B2-4083-AF4C-7EC877BBA12B}
		{F24FB919-725F-48EC-897F-4E21916B9E90} = {02398FEE-A6B2-4083-AF4C-7EC877BBA12B}
		{DDFA73D9-2D25-47E6-BD45-3AB5209E76D8} = {02398FEE-A6B2-4083-AF4C-7EC877BBA12B}
		{8B5242BD-D128-4ECC-B62B-C9B7AC406888} = {DDFA73D9-2D25-47E6-BD45-3AB5209E76D8}
	EndGlobalSection
	GlobalSection(ExtensibilityGlobals) = postSolution
		SolutionGuid = {01F61D38-C1BC-41FE-9169-B7F8AD02B546}
	EndGlobalSection
EndGlobal
